
Microsoft Visual Studio Solution File, Format Version 12.00
# Visual Studio 15
VisualStudioVersion = 15.0.27130.2027
MinimumVisualStudioVersion = 10.0.40219.1
Project("{FAE04EC0-301F-11D3-BF4B-00C04F79EFBC}") = "Taki_Se_WPF", "Taki_Se_WPF\Taki_Se_WPF.csproj", "{28F35A8A-D09B-4C83-B1B6-DF82768521E8}"
EndProject
Global
	GlobalSection(SolutionConfigurationPlatforms) = preSolution
		Debug|Any CPU = Debug|Any CPU
		Release|Any CPU = Release|Any CPU
	EndGlobalSection
	GlobalSection(ProjectConfigurationPlatforms) = postSolution
		{28F35A8A-D09B-4C83-B1B6-DF82768521E8}.Debug|Any CPU.ActiveCfg = Debug|Any CPU
		{28F35A8A-D09B-4C83-B1B6-DF82768521E8}.Debug|Any CPU.Build.0 = Debug|Any CPU
		{28F35A8A-D09B-4C83-B1B6-DF82768521E8}.Release|Any CPU.ActiveCfg = Release|Any CPU
		{28F35A8A-D09B-4C83-B1B6-DF82768521E8}.Release|Any CPU.Build.0 = Release|Any CPU
	EndGlobalSection
	GlobalSection(SolutionProperties) = preSolution
		HideSolutionNode = FALSE
	EndGlobalSection
	GlobalSection(ExtensibilityGlobals) = postSolution
		SolutionGuid = {BE97BEA8-4020-4283-867A-B64A3CD8BD04}
	EndGlobalSection
EndGlobal
