
Microsoft Visual Studio Solution File, Format Version 12.00
# Visual Studio 15
VisualStudioVersion = 15.0.27130.2027
MinimumVisualStudioVersion = 10.0.40219.1
Project("{FAE04EC0-301F-11D3-BF4B-00C04F79EFBC}") = "Najnowszy_WPF", "Najnowszy_WPF\Najnowszy_WPF.csproj", "{013C9AA5-4BB7-4002-B019-D98D66A1997B}"
EndProject
Global
	GlobalSection(SolutionConfigurationPlatforms) = preSolution
		Debug|Any CPU = Debug|Any CPU
		Release|Any CPU = Release|Any CPU
	EndGlobalSection
	GlobalSection(ProjectConfigurationPlatforms) = postSolution
		{013C9AA5-4BB7-4002-B019-D98D66A1997B}.Debug|Any CPU.ActiveCfg = Debug|Any CPU
		{013C9AA5-4BB7-4002-B019-D98D66A1997B}.Debug|Any CPU.Build.0 = Debug|Any CPU
		{013C9AA5-4BB7-4002-B019-D98D66A1997B}.Release|Any CPU.ActiveCfg = Release|Any CPU
		{013C9AA5-4BB7-4002-B019-D98D66A1997B}.Release|Any CPU.Build.0 = Release|Any CPU
	EndGlobalSection
	GlobalSection(SolutionProperties) = preSolution
		HideSolutionNode = FALSE
	EndGlobalSection
	GlobalSection(ExtensibilityGlobals) = postSolution
		SolutionGuid = {B5BDCE42-229A-48F8-B59D-0C5BDFBF7663}
	EndGlobalSection
EndGlobal
